
Microsoft Visual Studio Solution File, Format Version 12.00
# Visual Studio Version 17
VisualStudioVersion = 17.1.32421.90
MinimumVisualStudioVersion = 10.0.40219.1
Project("{FAE04EC0-301F-11D3-BF4B-00C04F79EFBC}") = "LanguageLearningWindowsFormApplication", "LanguageLearningWindowsFormApplication\LanguageLearningWindowsFormApplication.csproj", "{F243B9B5-6F33-4576-AE59-743476A7D363}"
EndProject
Global
	GlobalSection(SolutionConfigurationPlatforms) = preSolution
		Debug|Any CPU = Debug|Any CPU
		Release|Any CPU = Release|Any CPU
	EndGlobalSection
	GlobalSection(ProjectConfigurationPlatforms) = postSolution
		{F243B9B5-6F33-4576-AE59-743476A7D363}.Debug|Any CPU.ActiveCfg = Debug|Any CPU
		{F243B9B5-6F33-4576-AE59-743476A7D363}.Debug|Any CPU.Build.0 = Debug|Any CPU
		{F243B9B5-6F33-4576-AE59-743476A7D363}.Release|Any CPU.ActiveCfg = Release|Any CPU
		{F243B9B5-6F33-4576-AE59-743476A7D363}.Release|Any CPU.Build.0 = Release|Any CPU
	EndGlobalSection
	GlobalSection(SolutionProperties) = preSolution
		HideSolutionNode = FALSE
	EndGlobalSection
	GlobalSection(ExtensibilityGlobals) = postSolution
		SolutionGuid = {B149020E-1C8D-4E06-8C1E-A8841AB5C514}
	EndGlobalSection
EndGlobal
